// !$*UTF8*$!
{
	archiveVersion = 1;
	classes = {
	};
	objectVersion = 51;
	objects = {

/* Begin PBXBuildFile section */
		21D4605B80FD4BBE6745CF12 /* Pods_treduler_twit.framework in Frameworks */ = {isa = PBXBuildFile; fileRef = 6B8A93CB4A51B4FFEFD790E9 /* Pods_treduler_twit.framework */; };
		700D29BB24129235008C1402 /* UserService.swift in Sources */ = {isa = PBXBuildFile; fileRef = 700D29BA24129235008C1402 /* UserService.swift */; };
		700D29C0241294AB008C1402 /* User.swift in Sources */ = {isa = PBXBuildFile; fileRef = 700D29BF241294AB008C1402 /* User.swift */; };
		700D29C22412A16A008C1402 /* UploadTweetController.swift in Sources */ = {isa = PBXBuildFile; fileRef = 700D29C12412A16A008C1402 /* UploadTweetController.swift */; };
		700D29C52412AD2E008C1402 /* CaptionTextView.swift in Sources */ = {isa = PBXBuildFile; fileRef = 700D29C42412AD2E008C1402 /* CaptionTextView.swift */; };
		700D29C72412B5C3008C1402 /* TweetService.swift in Sources */ = {isa = PBXBuildFile; fileRef = 700D29C62412B5C3008C1402 /* TweetService.swift */; };
		701435CB24114B4C00CCAAFB /* AppDelegate.swift in Sources */ = {isa = PBXBuildFile; fileRef = 701435CA24114B4C00CCAAFB /* AppDelegate.swift */; };
		701435CD24114B4C00CCAAFB /* SceneDelegate.swift in Sources */ = {isa = PBXBuildFile; fileRef = 701435CC24114B4C00CCAAFB /* SceneDelegate.swift */; };
		701435D224114B4C00CCAAFB /* Main.storyboard in Resources */ = {isa = PBXBuildFile; fileRef = 701435D024114B4C00CCAAFB /* Main.storyboard */; };
		701435D424114B5100CCAAFB /* Assets.xcassets in Resources */ = {isa = PBXBuildFile; fileRef = 701435D324114B5100CCAAFB /* Assets.xcassets */; };
		701435D724114B5100CCAAFB /* LaunchScreen.storyboard in Resources */ = {isa = PBXBuildFile; fileRef = 701435D524114B5100CCAAFB /* LaunchScreen.storyboard */; };
		701435E024114BA800CCAAFB /* MainTabBarController.swift in Sources */ = {isa = PBXBuildFile; fileRef = 701435DF24114BA800CCAAFB /* MainTabBarController.swift */; };
		701435E22411503300CCAAFB /* FeedController.swift in Sources */ = {isa = PBXBuildFile; fileRef = 701435E12411503300CCAAFB /* FeedController.swift */; };
		701435E42411504300CCAAFB /* NotificationController.swift in Sources */ = {isa = PBXBuildFile; fileRef = 701435E32411504300CCAAFB /* NotificationController.swift */; };
		701435E62411505200CCAAFB /* ConversationController.swift in Sources */ = {isa = PBXBuildFile; fileRef = 701435E52411505200CCAAFB /* ConversationController.swift */; };
		701435E82411506D00CCAAFB /* ExploreController.swift in Sources */ = {isa = PBXBuildFile; fileRef = 701435E72411506D00CCAAFB /* ExploreController.swift */; };
		701435EB24115A2F00CCAAFB /* Extension.swift in Sources */ = {isa = PBXBuildFile; fileRef = 701435EA24115A2F00CCAAFB /* Extension.swift */; };
		701435ED24115C3B00CCAAFB /* LoginController.swift in Sources */ = {isa = PBXBuildFile; fileRef = 701435EC24115C3B00CCAAFB /* LoginController.swift */; };
		701435EF24115C7B00CCAAFB /* SignUpController.swift in Sources */ = {isa = PBXBuildFile; fileRef = 701435EE24115C7B00CCAAFB /* SignUpController.swift */; };
		70CA7D0E241245DF00855997 /* GoogleService-Info.plist in Resources */ = {isa = PBXBuildFile; fileRef = 70CA7D0D241245DF00855997 /* GoogleService-Info.plist */; };
		70FAD11C2413989900F41DA2 /* Tweet.swift in Sources */ = {isa = PBXBuildFile; fileRef = 70FAD11B2413989900F41DA2 /* Tweet.swift */; };
		70FAD11E24139FCE00F41DA2 /* TweetCell.swift in Sources */ = {isa = PBXBuildFile; fileRef = 70FAD11D24139FCE00F41DA2 /* TweetCell.swift */; };
/* End PBXBuildFile section */

/* Begin PBXFileReference section */
		6B8A93CB4A51B4FFEFD790E9 /* Pods_treduler_twit.framework */ = {isa = PBXFileReference; explicitFileType = wrapper.framework; includeInIndex = 0; path = Pods_treduler_twit.framework; sourceTree = BUILT_PRODUCTS_DIR; };
		700D29BA24129235008C1402 /* UserService.swift */ = {isa = PBXFileReference; lastKnownFileType = sourcecode.swift; path = UserService.swift; sourceTree = "<group>"; };
		700D29BF241294AB008C1402 /* User.swift */ = {isa = PBXFileReference; lastKnownFileType = sourcecode.swift; path = User.swift; sourceTree = "<group>"; };
		700D29C12412A16A008C1402 /* UploadTweetController.swift */ = {isa = PBXFileReference; lastKnownFileType = sourcecode.swift; path = UploadTweetController.swift; sourceTree = "<group>"; };
		700D29C42412AD2E008C1402 /* CaptionTextView.swift */ = {isa = PBXFileReference; lastKnownFileType = sourcecode.swift; path = CaptionTextView.swift; sourceTree = "<group>"; };
		700D29C62412B5C3008C1402 /* TweetService.swift */ = {isa = PBXFileReference; lastKnownFileType = sourcecode.swift; path = TweetService.swift; sourceTree = "<group>"; };
		701435C724114B4C00CCAAFB /* treduler twit.app */ = {isa = PBXFileReference; explicitFileType = wrapper.application; includeInIndex = 0; path = "treduler twit.app"; sourceTree = BUILT_PRODUCTS_DIR; };
		701435CA24114B4C00CCAAFB /* AppDelegate.swift */ = {isa = PBXFileReference; lastKnownFileType = sourcecode.swift; path = AppDelegate.swift; sourceTree = "<group>"; };
		701435CC24114B4C00CCAAFB /* SceneDelegate.swift */ = {isa = PBXFileReference; lastKnownFileType = sourcecode.swift; path = SceneDelegate.swift; sourceTree = "<group>"; };
		701435D124114B4C00CCAAFB /* Base */ = {isa = PBXFileReference; lastKnownFileType = file.storyboard; name = Base; path = Base.lproj/Main.storyboard; sourceTree = "<group>"; };
		701435D324114B5100CCAAFB /* Assets.xcassets */ = {isa = PBXFileReference; lastKnownFileType = folder.assetcatalog; path = Assets.xcassets; sourceTree = "<group>"; };
		701435D624114B5100CCAAFB /* Base */ = {isa = PBXFileReference; lastKnownFileType = file.storyboard; name = Base; path = Base.lproj/LaunchScreen.storyboard; sourceTree = "<group>"; };
		701435D824114B5100CCAAFB /* Info.plist */ = {isa = PBXFileReference; lastKnownFileType = text.plist.xml; path = Info.plist; sourceTree = "<group>"; };
		701435DF24114BA800CCAAFB /* MainTabBarController.swift */ = {isa = PBXFileReference; lastKnownFileType = sourcecode.swift; path = MainTabBarController.swift; sourceTree = "<group>"; };
		701435E12411503300CCAAFB /* FeedController.swift */ = {isa = PBXFileReference; lastKnownFileType = sourcecode.swift; path = FeedController.swift; sourceTree = "<group>"; };
		701435E32411504300CCAAFB /* NotificationController.swift */ = {isa = PBXFileReference; lastKnownFileType = sourcecode.swift; path = NotificationController.swift; sourceTree = "<group>"; };
		701435E52411505200CCAAFB /* ConversationController.swift */ = {isa = PBXFileReference; lastKnownFileType = sourcecode.swift; path = ConversationController.swift; sourceTree = "<group>"; };
		701435E72411506D00CCAAFB /* ExploreController.swift */ = {isa = PBXFileReference; lastKnownFileType = sourcecode.swift; path = ExploreController.swift; sourceTree = "<group>"; };
		701435EA24115A2F00CCAAFB /* Extension.swift */ = {isa = PBXFileReference; lastKnownFileType = sourcecode.swift; path = Extension.swift; sourceTree = "<group>"; };
		701435EC24115C3B00CCAAFB /* LoginController.swift */ = {isa = PBXFileReference; lastKnownFileType = sourcecode.swift; path = LoginController.swift; sourceTree = "<group>"; };
		701435EE24115C7B00CCAAFB /* SignUpController.swift */ = {isa = PBXFileReference; lastKnownFileType = sourcecode.swift; path = SignUpController.swift; sourceTree = "<group>"; };
		70CA7D0D241245DF00855997 /* GoogleService-Info.plist */ = {isa = PBXFileReference; fileEncoding = 4; lastKnownFileType = text.plist.xml; path = "GoogleService-Info.plist"; sourceTree = "<group>"; };
		70FAD11B2413989900F41DA2 /* Tweet.swift */ = {isa = PBXFileReference; lastKnownFileType = sourcecode.swift; path = Tweet.swift; sourceTree = "<group>"; };
		70FAD11D24139FCE00F41DA2 /* TweetCell.swift */ = {isa = PBXFileReference; lastKnownFileType = sourcecode.swift; path = TweetCell.swift; sourceTree = "<group>"; };
		7936AD7784679822046709B9 /* Pods-treduler twit.debug.xcconfig */ = {isa = PBXFileReference; includeInIndex = 1; lastKnownFileType = text.xcconfig; name = "Pods-treduler twit.debug.xcconfig"; path = "Target Support Files/Pods-treduler twit/Pods-treduler twit.debug.xcconfig"; sourceTree = "<group>"; };
		BF742B22756C6549F224054F /* Pods-treduler twit.release.xcconfig */ = {isa = PBXFileReference; includeInIndex = 1; lastKnownFileType = text.xcconfig; name = "Pods-treduler twit.release.xcconfig"; path = "Target Support Files/Pods-treduler twit/Pods-treduler twit.release.xcconfig"; sourceTree = "<group>"; };
/* End PBXFileReference section */

/* Begin PBXFrameworksBuildPhase section */
		701435C424114B4C00CCAAFB /* Frameworks */ = {
			isa = PBXFrameworksBuildPhase;
			buildActionMask = 2147483647;
			files = (
				21D4605B80FD4BBE6745CF12 /* Pods_treduler_twit.framework in Frameworks */,
			);
			runOnlyForDeploymentPostprocessing = 0;
		};
/* End PBXFrameworksBuildPhase section */

/* Begin PBXGroup section */
		1F2EE6D786FC0065052B7EFF /* Pods */ = {
			isa = PBXGroup;
			children = (
				7936AD7784679822046709B9 /* Pods-treduler twit.debug.xcconfig */,
				BF742B22756C6549F224054F /* Pods-treduler twit.release.xcconfig */,
			);
			path = Pods;
			sourceTree = "<group>";
		};
		700D29B7241281FD008C1402 /* APIs */ = {
			isa = PBXGroup;
			children = (
				700D29BA24129235008C1402 /* UserService.swift */,
				700D29C62412B5C3008C1402 /* TweetService.swift */,
			);
			path = APIs;
			sourceTree = "<group>";
		};
		700D29BE241294A1008C1402 /* Model */ = {
			isa = PBXGroup;
			children = (
				700D29BF241294AB008C1402 /* User.swift */,
				70FAD11B2413989900F41DA2 /* Tweet.swift */,
			);
			path = Model;
			sourceTree = "<group>";
		};
		700D29C32412AD15008C1402 /* View */ = {
			isa = PBXGroup;
			children = (
				700D29C42412AD2E008C1402 /* CaptionTextView.swift */,
				70FAD11D24139FCE00F41DA2 /* TweetCell.swift */,
			);
			path = View;
			sourceTree = "<group>";
		};
		701435BE24114B4B00CCAAFB = {
			isa = PBXGroup;
			children = (
				701435C924114B4C00CCAAFB /* treduler twit */,
				701435C824114B4C00CCAAFB /* Products */,
				1F2EE6D786FC0065052B7EFF /* Pods */,
				A318E60A2B2958BDF1D74632 /* Frameworks */,
			);
			sourceTree = "<group>";
		};
		701435C824114B4C00CCAAFB /* Products */ = {
			isa = PBXGroup;
			children = (
				701435C724114B4C00CCAAFB /* treduler twit.app */,
			);
			name = Products;
			sourceTree = "<group>";
		};
		701435C924114B4C00CCAAFB /* treduler twit */ = {
			isa = PBXGroup;
			children = (
				700D29C32412AD15008C1402 /* View */,
				700D29BE241294A1008C1402 /* Model */,
				700D29B7241281FD008C1402 /* APIs */,
				701435E924115A1D00CCAAFB /* Utils */,
				701435DE24114B8C00CCAAFB /* Controllers */,
				701435CA24114B4C00CCAAFB /* AppDelegate.swift */,
				701435CC24114B4C00CCAAFB /* SceneDelegate.swift */,
				701435D024114B4C00CCAAFB /* Main.storyboard */,
				701435D324114B5100CCAAFB /* Assets.xcassets */,
				701435D524114B5100CCAAFB /* LaunchScreen.storyboard */,
				701435D824114B5100CCAAFB /* Info.plist */,
				70CA7D0D241245DF00855997 /* GoogleService-Info.plist */,
			);
			path = "treduler twit";
			sourceTree = "<group>";
		};
		701435DE24114B8C00CCAAFB /* Controllers */ = {
			isa = PBXGroup;
			children = (
				701435DF24114BA800CCAAFB /* MainTabBarController.swift */,
				701435E12411503300CCAAFB /* FeedController.swift */,
				701435E32411504300CCAAFB /* NotificationController.swift */,
				701435E52411505200CCAAFB /* ConversationController.swift */,
				701435E72411506D00CCAAFB /* ExploreController.swift */,
				701435EC24115C3B00CCAAFB /* LoginController.swift */,
				701435EE24115C7B00CCAAFB /* SignUpController.swift */,
				700D29C12412A16A008C1402 /* UploadTweetController.swift */,
			);
			path = Controllers;
			sourceTree = "<group>";
		};
		701435E924115A1D00CCAAFB /* Utils */ = {
			isa = PBXGroup;
			children = (
				701435EA24115A2F00CCAAFB /* Extension.swift */,
			);
			path = Utils;
			sourceTree = "<group>";
		};
		A318E60A2B2958BDF1D74632 /* Frameworks */ = {
			isa = PBXGroup;
			children = (
				6B8A93CB4A51B4FFEFD790E9 /* Pods_treduler_twit.framework */,
			);
			name = Frameworks;
			sourceTree = "<group>";
		};
/* End PBXGroup section */

/* Begin PBXNativeTarget section */
		701435C624114B4C00CCAAFB /* treduler twit */ = {
			isa = PBXNativeTarget;
			buildConfigurationList = 701435DB24114B5100CCAAFB /* Build configuration list for PBXNativeTarget "treduler twit" */;
			buildPhases = (
				C87C10DD3F74E1E685D0D72C /* [CP] Check Pods Manifest.lock */,
				701435C324114B4C00CCAAFB /* Sources */,
				701435C424114B4C00CCAAFB /* Frameworks */,
				701435C524114B4C00CCAAFB /* Resources */,
				88F43732759F5BA2A6F84140 /* [CP] Embed Pods Frameworks */,
			);
			buildRules = (
			);
			dependencies = (
			);
			name = "treduler twit";
			productName = "treduler twit";
			productReference = 701435C724114B4C00CCAAFB /* treduler twit.app */;
			productType = "com.apple.product-type.application";
		};
/* End PBXNativeTarget section */

/* Begin PBXProject section */
		701435BF24114B4B00CCAAFB /* Project object */ = {
			isa = PBXProject;
			attributes = {
				LastSwiftUpdateCheck = 1130;
				LastUpgradeCheck = 1130;
				ORGANIZATIONNAME = "Mac circle";
				TargetAttributes = {
					701435C624114B4C00CCAAFB = {
						CreatedOnToolsVersion = 11.3.1;
					};
				};
			};
			buildConfigurationList = 701435C224114B4B00CCAAFB /* Build configuration list for PBXProject "treduler twit" */;
			compatibilityVersion = "Xcode 9.3";
			developmentRegion = en;
			hasScannedForEncodings = 0;
			knownRegions = (
				en,
				Base,
			);
			mainGroup = 701435BE24114B4B00CCAAFB;
			productRefGroup = 701435C824114B4C00CCAAFB /* Products */;
			projectDirPath = "";
			projectRoot = "";
			targets = (
				701435C624114B4C00CCAAFB /* treduler twit */,
			);
		};
/* End PBXProject section */

/* Begin PBXResourcesBuildPhase section */
		701435C524114B4C00CCAAFB /* Resources */ = {
			isa = PBXResourcesBuildPhase;
			buildActionMask = 2147483647;
			files = (
				701435D724114B5100CCAAFB /* LaunchScreen.storyboard in Resources */,
				70CA7D0E241245DF00855997 /* GoogleService-Info.plist in Resources */,
				701435D424114B5100CCAAFB /* Assets.xcassets in Resources */,
				701435D224114B4C00CCAAFB /* Main.storyboard in Resources */,
			);
			runOnlyForDeploymentPostprocessing = 0;
		};
/* End PBXResourcesBuildPhase section */

/* Begin PBXShellScriptBuildPhase section */
		88F43732759F5BA2A6F84140 /* [CP] Embed Pods Frameworks */ = {
			isa = PBXShellScriptBuildPhase;
			buildActionMask = 2147483647;
			files = (
			);
			inputFileListPaths = (
				"${PODS_ROOT}/Target Support Files/Pods-treduler twit/Pods-treduler twit-frameworks-${CONFIGURATION}-input-files.xcfilelist",
			);
			name = "[CP] Embed Pods Frameworks";
			outputFileListPaths = (
				"${PODS_ROOT}/Target Support Files/Pods-treduler twit/Pods-treduler twit-frameworks-${CONFIGURATION}-output-files.xcfilelist",
			);
			runOnlyForDeploymentPostprocessing = 0;
			shellPath = /bin/sh;
			shellScript = "\"${PODS_ROOT}/Target Support Files/Pods-treduler twit/Pods-treduler twit-frameworks.sh\"\n";
			showEnvVarsInLog = 0;
		};
		C87C10DD3F74E1E685D0D72C /* [CP] Check Pods Manifest.lock */ = {
			isa = PBXShellScriptBuildPhase;
			buildActionMask = 2147483647;
			files = (
			);
			inputFileListPaths = (
			);
			inputPaths = (
				"${PODS_PODFILE_DIR_PATH}/Podfile.lock",
				"${PODS_ROOT}/Manifest.lock",
			);
			name = "[CP] Check Pods Manifest.lock";
			outputFileListPaths = (
			);
			outputPaths = (
				"$(DERIVED_FILE_DIR)/Pods-treduler twit-checkManifestLockResult.txt",
			);
			runOnlyForDeploymentPostprocessing = 0;
			shellPath = /bin/sh;
			shellScript = "diff \"${PODS_PODFILE_DIR_PATH}/Podfile.lock\" \"${PODS_ROOT}/Manifest.lock\" > /dev/null\nif [ $? != 0 ] ; then\n    # print error to STDERR\n    echo \"error: The sandbox is not in sync with the Podfile.lock. Run 'pod install' or update your CocoaPods installation.\" >&2\n    exit 1\nfi\n# This output is used by Xcode 'outputs' to avoid re-running this script phase.\necho \"SUCCESS\" > \"${SCRIPT_OUTPUT_FILE_0}\"\n";
			showEnvVarsInLog = 0;
		};
/* End PBXShellScriptBuildPhase section */

/* Begin PBXSourcesBuildPhase section */
		701435C324114B4C00CCAAFB /* Sources */ = {
			isa = PBXSourcesBuildPhase;
			buildActionMask = 2147483647;
			files = (
				701435E42411504300CCAAFB /* NotificationController.swift in Sources */,
				701435CB24114B4C00CCAAFB /* AppDelegate.swift in Sources */,
				700D29C22412A16A008C1402 /* UploadTweetController.swift in Sources */,
				70FAD11E24139FCE00F41DA2 /* TweetCell.swift in Sources */,
				701435E82411506D00CCAAFB /* ExploreController.swift in Sources */,
				701435E024114BA800CCAAFB /* MainTabBarController.swift in Sources */,
				701435ED24115C3B00CCAAFB /* LoginController.swift in Sources */,
				701435EF24115C7B00CCAAFB /* SignUpController.swift in Sources */,
				700D29BB24129235008C1402 /* UserService.swift in Sources */,
				701435CD24114B4C00CCAAFB /* SceneDelegate.swift in Sources */,
				700D29C0241294AB008C1402 /* User.swift in Sources */,
				701435E62411505200CCAAFB /* ConversationController.swift in Sources */,
				701435E22411503300CCAAFB /* FeedController.swift in Sources */,
				700D29C52412AD2E008C1402 /* CaptionTextView.swift in Sources */,
				701435EB24115A2F00CCAAFB /* Extension.swift in Sources */,
				700D29C72412B5C3008C1402 /* TweetService.swift in Sources */,
				70FAD11C2413989900F41DA2 /* Tweet.swift in Sources */,
			);
			runOnlyForDeploymentPostprocessing = 0;
		};
/* End PBXSourcesBuildPhase section */

/* Begin PBXVariantGroup section */
		701435D024114B4C00CCAAFB /* Main.storyboard */ = {
			isa = PBXVariantGroup;
			children = (
				701435D124114B4C00CCAAFB /* Base */,
			);
			name = Main.storyboard;
			sourceTree = "<group>";
		};
		701435D524114B5100CCAAFB /* LaunchScreen.storyboard */ = {
			isa = PBXVariantGroup;
			children = (
				701435D624114B5100CCAAFB /* Base */,
			);
			name = LaunchScreen.storyboard;
			sourceTree = "<group>";
		};
/* End PBXVariantGroup section */

/* Begin XCBuildConfiguration section */
		701435D924114B5100CCAAFB /* Debug */ = {
			isa = XCBuildConfiguration;
			buildSettings = {
				ALWAYS_SEARCH_USER_PATHS = NO;
				CLANG_ANALYZER_NONNULL = YES;
				CLANG_ANALYZER_NUMBER_OBJECT_CONVERSION = YES_AGGRESSIVE;
				CLANG_CXX_LANGUAGE_STANDARD = "gnu++14";
				CLANG_CXX_LIBRARY = "libc++";
				CLANG_ENABLE_MODULES = YES;
				CLANG_ENABLE_OBJC_ARC = YES;
				CLANG_ENABLE_OBJC_WEAK = YES;
				CLANG_WARN_BLOCK_CAPTURE_AUTORELEASING = YES;
				CLANG_WARN_BOOL_CONVERSION = YES;
				CLANG_WARN_COMMA = YES;
				CLANG_WARN_CONSTANT_CONVERSION = YES;
				CLANG_WARN_DEPRECATED_OBJC_IMPLEMENTATIONS = YES;
				CLANG_WARN_DIRECT_OBJC_ISA_USAGE = YES_ERROR;
				CLANG_WARN_DOCUMENTATION_COMMENTS = YES;
				CLANG_WARN_EMPTY_BODY = YES;
				CLANG_WARN_ENUM_CONVERSION = YES;
				CLANG_WARN_INFINITE_RECURSION = YES;
				CLANG_WARN_INT_CONVERSION = YES;
				CLANG_WARN_NON_LITERAL_NULL_CONVERSION = YES;
				CLANG_WARN_OBJC_IMPLICIT_RETAIN_SELF = YES;
				CLANG_WARN_OBJC_LITERAL_CONVERSION = YES;
				CLANG_WARN_OBJC_ROOT_CLASS = YES_ERROR;
				CLANG_WARN_RANGE_LOOP_ANALYSIS = YES;
				CLANG_WARN_STRICT_PROTOTYPES = YES;
				CLANG_WARN_SUSPICIOUS_MOVE = YES;
				CLANG_WARN_UNGUARDED_AVAILABILITY = YES_AGGRESSIVE;
				CLANG_WARN_UNREACHABLE_CODE = YES;
				CLANG_WARN__DUPLICATE_METHOD_MATCH = YES;
				COPY_PHASE_STRIP = NO;
				DEBUG_INFORMATION_FORMAT = dwarf;
				ENABLE_STRICT_OBJC_MSGSEND = YES;
				ENABLE_TESTABILITY = YES;
				GCC_C_LANGUAGE_STANDARD = gnu11;
				GCC_DYNAMIC_NO_PIC = NO;
				GCC_NO_COMMON_BLOCKS = YES;
				GCC_OPTIMIZATION_LEVEL = 0;
				GCC_PREPROCESSOR_DEFINITIONS = (
					"DEBUG=1",
					"$(inherited)",
				);
				GCC_WARN_64_TO_32_BIT_CONVERSION = YES;
				GCC_WARN_ABOUT_RETURN_TYPE = YES_ERROR;
				GCC_WARN_UNDECLARED_SELECTOR = YES;
				GCC_WARN_UNINITIALIZED_AUTOS = YES_AGGRESSIVE;
				GCC_WARN_UNUSED_FUNCTION = YES;
				GCC_WARN_UNUSED_VARIABLE = YES;
				IPHONEOS_DEPLOYMENT_TARGET = 13.2;
				MTL_ENABLE_DEBUG_INFO = INCLUDE_SOURCE;
				MTL_FAST_MATH = YES;
				ONLY_ACTIVE_ARCH = YES;
				SDKROOT = iphoneos;
				SWIFT_ACTIVE_COMPILATION_CONDITIONS = DEBUG;
				SWIFT_OPTIMIZATION_LEVEL = "-Onone";
			};
			name = Debug;
		};
		701435DA24114B5100CCAAFB /* Release */ = {
			isa = XCBuildConfiguration;
			buildSettings = {
				ALWAYS_SEARCH_USER_PATHS = NO;
				CLANG_ANALYZER_NONNULL = YES;
				CLANG_ANALYZER_NUMBER_OBJECT_CONVERSION = YES_AGGRESSIVE;
				CLANG_CXX_LANGUAGE_STANDARD = "gnu++14";
				CLANG_CXX_LIBRARY = "libc++";
				CLANG_ENABLE_MODULES = YES;
				CLANG_ENABLE_OBJC_ARC = YES;
				CLANG_ENABLE_OBJC_WEAK = YES;
				CLANG_WARN_BLOCK_CAPTURE_AUTORELEASING = YES;
				CLANG_WARN_BOOL_CONVERSION = YES;
				CLANG_WARN_COMMA = YES;
				CLANG_WARN_CONSTANT_CONVERSION = YES;
				CLANG_WARN_DEPRECATED_OBJC_IMPLEMENTATIONS = YES;
				CLANG_WARN_DIRECT_OBJC_ISA_USAGE = YES_ERROR;
				CLANG_WARN_DOCUMENTATION_COMMENTS = YES;
				CLANG_WARN_EMPTY_BODY = YES;
				CLANG_WARN_ENUM_CONVERSION = YES;
				CLANG_WARN_INFINITE_RECURSION = YES;
				CLANG_WARN_INT_CONVERSION = YES;
				CLANG_WARN_NON_LITERAL_NULL_CONVERSION = YES;
				CLANG_WARN_OBJC_IMPLICIT_RETAIN_SELF = YES;
				CLANG_WARN_OBJC_LITERAL_CONVERSION = YES;
				CLANG_WARN_OBJC_ROOT_CLASS = YES_ERROR;
				CLANG_WARN_RANGE_LOOP_ANALYSIS = YES;
				CLANG_WARN_STRICT_PROTOTYPES = YES;
				CLANG_WARN_SUSPICIOUS_MOVE = YES;
				CLANG_WARN_UNGUARDED_AVAILABILITY = YES_AGGRESSIVE;
				CLANG_WARN_UNREACHABLE_CODE = YES;
				CLANG_WARN__DUPLICATE_METHOD_MATCH = YES;
				COPY_PHASE_STRIP = NO;
				DEBUG_INFORMATION_FORMAT = "dwarf-with-dsym";
				ENABLE_NS_ASSERTIONS = NO;
				ENABLE_STRICT_OBJC_MSGSEND = YES;
				GCC_C_LANGUAGE_STANDARD = gnu11;
				GCC_NO_COMMON_BLOCKS = YES;
				GCC_WARN_64_TO_32_BIT_CONVERSION = YES;
				GCC_WARN_ABOUT_RETURN_TYPE = YES_ERROR;
				GCC_WARN_UNDECLARED_SELECTOR = YES;
				GCC_WARN_UNINITIALIZED_AUTOS = YES_AGGRESSIVE;
				GCC_WARN_UNUSED_FUNCTION = YES;
				GCC_WARN_UNUSED_VARIABLE = YES;
				IPHONEOS_DEPLOYMENT_TARGET = 13.2;
				MTL_ENABLE_DEBUG_INFO = NO;
				MTL_FAST_MATH = YES;
				SDKROOT = iphoneos;
				SWIFT_COMPILATION_MODE = wholemodule;
				SWIFT_OPTIMIZATION_LEVEL = "-O";
				VALIDATE_PRODUCT = YES;
			};
			name = Release;
		};
		701435DC24114B5100CCAAFB /* Debug */ = {
			isa = XCBuildConfiguration;
			baseConfigurationReference = 7936AD7784679822046709B9 /* Pods-treduler twit.debug.xcconfig */;
			buildSettings = {
				ASSETCATALOG_COMPILER_APPICON_NAME = AppIcon;
				CODE_SIGN_STYLE = Automatic;
				DEVELOPMENT_TEAM = "";
				INFOPLIST_FILE = "treduler twit/Info.plist";
				LD_RUNPATH_SEARCH_PATHS = (
					"$(inherited)",
					"@executable_path/Frameworks",
				);
				PRODUCT_BUNDLE_IDENTIFIER = "com.example.treduler-twit";
				PRODUCT_NAME = "$(TARGET_NAME)";
				SWIFT_VERSION = 5.0;
				TARGETED_DEVICE_FAMILY = "1,2";
			};
			name = Debug;
		};
		701435DD24114B5100CCAAFB /* Release */ = {
			isa = XCBuildConfiguration;
			baseConfigurationReference = BF742B22756C6549F224054F /* Pods-treduler twit.release.xcconfig */;
			buildSettings = {
				ASSETCATALOG_COMPILER_APPICON_NAME = AppIcon;
				CODE_SIGN_STYLE = Automatic;
				DEVELOPMENT_TEAM = "";
				INFOPLIST_FILE = "treduler twit/Info.plist";
				LD_RUNPATH_SEARCH_PATHS = (
					"$(inherited)",
					"@executable_path/Frameworks",
				);
				PRODUCT_BUNDLE_IDENTIFIER = "com.example.treduler-twit";
				PRODUCT_NAME = "$(TARGET_NAME)";
				SWIFT_VERSION = 5.0;
				TARGETED_DEVICE_FAMILY = "1,2";
			};
			name = Release;
		};
/* End XCBuildConfiguration section */

/* Begin XCConfigurationList section */
		701435C224114B4B00CCAAFB /* Build configuration list for PBXProject "treduler twit" */ = {
			isa = XCConfigurationList;
			buildConfigurations = (
				701435D924114B5100CCAAFB /* Debug */,
				701435DA24114B5100CCAAFB /* Release */,
			);
			defaultConfigurationIsVisible = 0;
			defaultConfigurationName = Release;
		};
		701435DB24114B5100CCAAFB /* Build configuration list for PBXNativeTarget "treduler twit" */ = {
			isa = XCConfigurationList;
			buildConfigurations = (
				701435DC24114B5100CCAAFB /* Debug */,
				701435DD24114B5100CCAAFB /* Release */,
			);
			defaultConfigurationIsVisible = 0;
			defaultConfigurationName = Release;
		};
/* End XCConfigurationList section */
	};
	rootObject = 701435BF24114B4B00CCAAFB /* Project object */;
}
